Microsoft Visual Studio Solution File, Format Version 12.00
# Visual Studio Version 17
VisualStudioVersion = 17.0.31717.71
MinimumVisualStudioVersion = 10.0.40219.1
Project("{9A19103F-16F7-4668-BE54-9A1E7A4F7556}") = "BlazorBookShop", "frontend\BlazorBookShop\BlazorBookShop.csproj", "{E34A201F-F71F-4820-AC0B-1E62A0FDD330}"
EndProject
Project("{9A19103F-16F7-4668-BE54-9A1E7A4F7556}") = "OnlineShop.WebApi", "backend\OnlineShop.WebApi\OnlineShop.WebApi.csproj", "{B61B4321-F748-46D0-A666-B43DB99A2F0A}"
EndProject
Project("{9A19103F-16F7-4668-BE54-9A1E7A4F7556}") = "BookShop.HttpApiClient", "frontend\BookShop.HttpApiClient\BookShop.HttpApiClient.csproj", "{0B14FD08-EA7C-4E04-9873-4432A99AC2CF}"
EndProject
Project("{9A19103F-16F7-4668-BE54-9A1E7A4F7556}") = "OnlineShop.HttpModals", "shared\OnlineShop.HttpModals\OnlineShop.HttpModals.csproj", "{C52DC356-AE85-4622-B3ED-F8C8215C4036}"
EndProject
Project("{9A19103F-16F7-4668-BE54-9A1E7A4F7556}") = "OnlineShop.Domain", "backend\OnlineShop.Domain\OnlineShop.Domain.csproj", "{FD828226-1E22-4188-BF31-FF8E4F901651}"
EndProject
Project("{2150E333-8FDC-42A3-9474-1A3956D46DE8}") = "backend", "backend", "{9BECB66B-E3A9-4201-B9BF-F2862BD0E4E1}"
EndProject
Project("{2150E333-8FDC-42A3-9474-1A3956D46DE8}") = "frontend", "frontend", "{E5676D98-3310-4454-8E2F-2246CCB92527}"
EndProject
Project("{2150E333-8FDC-42A3-9474-1A3956D46DE8}") = "shared", "shared", "{26545BA4-2EE6-4C86-BC9B-96F77BF6D687}"
EndProject
Project("{9A19103F-16F7-4668-BE54-9A1E7A4F7556}") = "OnlineShop.Data.EntityFramework", "backend\Infrastructure\OnlineShop.Data.EntityFramework\OnlineShop.Data.EntityFramework.csproj", "{F2D5C805-B5A8-4275-841D-55F22BA04575}"
EndProject
Project("{2150E333-8FDC-42A3-9474-1A3956D46DE8}") = "Infrastructure", "Infrastructure", "{C3925E26-7928-4672-B457-9C956D020C86}"
EndProject
Project("{FAE04EC0-301F-11D3-BF4B-00C04F79EFBC}") = "OnlineShop.IdentityPasswordHasherLib", "backend\Infrastructure\OnlineShop.IdentityPasswordHasherLib\OnlineShop.IdentityPasswordHasherLib.csproj", "{4A0308B8-73FD-4B3D-B70D-C23F133C4BDA}"
EndProject
Global
	GlobalSection(SolutionConfigurationPlatforms) = preSolution
		Debug|Any CPU = Debug|Any CPU
		Release|Any CPU = Release|Any CPU
	EndGlobalSection
	GlobalSection(ProjectConfigurationPlatforms) = postSolution
		{E34A201F-F71F-4820-AC0B-1E62A0FDD330}.Debug|Any CPU.ActiveCfg = Debug|Any CPU
		{E34A201F-F71F-4820-AC0B-1E62A0FDD330}.Debug|Any CPU.Build.0 = Debug|Any CPU
		{E34A201F-F71F-4820-AC0B-1E62A0FDD330}.Release|Any CPU.ActiveCfg = Release|Any CPU
		{E34A201F-F71F-4820-AC0B-1E62A0FDD330}.Release|Any CPU.Build.0 = Release|Any CPU
		{B61B4321-F748-46D0-A666-B43DB99A2F0A}.Debug|Any CPU.ActiveCfg = Debug|Any CPU
		{B61B4321-F748-46D0-A666-B43DB99A2F0A}.Debug|Any CPU.Build.0 = Debug|Any CPU
		{B61B4321-F748-46D0-A666-B43DB99A2F0A}.Release|Any CPU.ActiveCfg = Release|Any CPU
		{B61B4321-F748-46D0-A666-B43DB99A2F0A}.Release|Any CPU.Build.0 = Release|Any CPU
		{0B14FD08-EA7C-4E04-9873-4432A99AC2CF}.Debug|Any CPU.ActiveCfg = Debug|Any CPU
		{0B14FD08-EA7C-4E04-9873-4432A99AC2CF}.Debug|Any CPU.Build.0 = Debug|Any CPU
		{0B14FD08-EA7C-4E04-9873-4432A99AC2CF}.Release|Any CPU.ActiveCfg = Release|Any CPU
		{0B14FD08-EA7C-4E04-9873-4432A99AC2CF}.Release|Any CPU.Build.0 = Release|Any CPU
		{C52DC356-AE85-4622-B3ED-F8C8215C4036}.Debug|Any CPU.ActiveCfg = Debug|Any CPU
		{C52DC356-AE85-4622-B3ED-F8C8215C4036}.Debug|Any CPU.Build.0 = Debug|Any CPU
		{C52DC356-AE85-4622-B3ED-F8C8215C4036}.Release|Any CPU.ActiveCfg = Release|Any CPU
		{C52DC356-AE85-4622-B3ED-F8C8215C4036}.Release|Any CPU.Build.0 = Release|Any CPU
		{FD828226-1E22-4188-BF31-FF8E4F901651}.Debug|Any CPU.ActiveCfg = Debug|Any CPU
		{FD828226-1E22-4188-BF31-FF8E4F901651}.Debug|Any CPU.Build.0 = Debug|Any CPU
		{FD828226-1E22-4188-BF31-FF8E4F901651}.Release|Any CPU.ActiveCfg = Release|Any CPU
		{FD828226-1E22-4188-BF31-FF8E4F901651}.Release|Any CPU.Build.0 = Release|Any CPU
		{F2D5C805-B5A8-4275-841D-55F22BA04575}.Debug|Any CPU.ActiveCfg = Debug|Any CPU
		{F2D5C805-B5A8-4275-841D-55F22BA04575}.Debug|Any CPU.Build.0 = Debug|Any CPU
		{F2D5C805-B5A8-4275-841D-55F22BA04575}.Release|Any CPU.ActiveCfg = Release|Any CPU
		{F2D5C805-B5A8-4275-841D-55F22BA04575}.Release|Any CPU.Build.0 = Release|Any CPU
		{4A0308B8-73FD-4B3D-B70D-C23F133C4BDA}.Debug|Any CPU.ActiveCfg = Debug|Any CPU
		{4A0308B8-73FD-4B3D-B70D-C23F133C4BDA}.Debug|Any CPU.Build.0 = Debug|Any CPU
		{4A0308B8-73FD-4B3D-B70D-C23F133C4BDA}.Release|Any CPU.ActiveCfg = Release|Any CPU
		{4A0308B8-73FD-4B3D-B70D-C23F133C4BDA}.Release|Any CPU.Build.0 = Release|Any CPU
	EndGlobalSection
	GlobalSection(SolutionProperties) = preSolution
		HideSolutionNode = FALSE
	EndGlobalSection
	GlobalSection(NestedProjects) = preSolution
		{E34A201F-F71F-4820-AC0B-1E62A0FDD330} = {E5676D98-3310-4454-8E2F-2246CCB92527}
		{B61B4321-F748-46D0-A666-B43DB99A2F0A} = {9BECB66B-E3A9-4201-B9BF-F2862BD0E4E1}
		{0B14FD08-EA7C-4E04-9873-4432A99AC2CF} = {E5676D98-3310-4454-8E2F-2246CCB92527}
		{C52DC356-AE85-4622-B3ED-F8C8215C4036} = {26545BA4-2EE6-4C86-BC9B-96F77BF6D687}
		{FD828226-1E22-4188-BF31-FF8E4F901651} = {9BECB66B-E3A9-4201-B9BF-F2862BD0E4E1}
		{F2D5C805-B5A8-4275-841D-55F22BA04575} = {C3925E26-7928-4672-B457-9C956D020C86}
		{C3925E26-7928-4672-B457-9C956D020C86} = {9BECB66B-E3A9-4201-B9BF-F2862BD0E4E1}
		{4A0308B8-73FD-4B3D-B70D-C23F133C4BDA} = {C3925E26-7928-4672-B457-9C956D020C86}
	EndGlobalSection
	GlobalSection(ExtensibilityGlobals) = postSolution
		SolutionGuid = {14ACAD7F-A385-425A-810B-D06F42461CC2}
	EndGlobalSection
EndGlobal
